
Microsoft Visual Studio Solution File, Format Version 12.00
# Visual Studio Version 16
VisualStudioVersion = 16.0.29709.97
MinimumVisualStudioVersion = 10.0.40219.1
Project("{FAE04EC0-301F-11D3-BF4B-00C04F79EFBC}") = "Sonic Randomizer", "Sonic Randomizer.csproj", "{56EAD33E-CD86-4B32-AFD5-EC87E4D91DCA}"
EndProject
Global
	GlobalSection(SolutionConfigurationPlatforms) = preSolution
		Debug|Any CPU = Debug|Any CPU
		Release|Any CPU = Release|Any CPU
	EndGlobalSection
	GlobalSection(ProjectConfigurationPlatforms) = postSolution
		{56EAD33E-CD86-4B32-AFD5-EC87E4D91DCA}.Debug|Any CPU.ActiveCfg = Debug|Any CPU
		{56EAD33E-CD86-4B32-AFD5-EC87E4D91DCA}.Debug|Any CPU.Build.0 = Debug|Any CPU
		{56EAD33E-CD86-4B32-AFD5-EC87E4D91DCA}.Release|Any CPU.ActiveCfg = Release|Any CPU
		{56EAD33E-CD86-4B32-AFD5-EC87E4D91DCA}.Release|Any CPU.Build.0 = Release|Any CPU
	EndGlobalSection
	GlobalSection(SolutionProperties) = preSolution
		HideSolutionNode = FALSE
	EndGlobalSection
	GlobalSection(ExtensibilityGlobals) = postSolution
		SolutionGuid = {9A15B9D2-EECD-4A25-A8D9-9BAE5282B312}
	EndGlobalSection
EndGlobal
